
Microsoft Visual Studio Solution File, Format Version 12.00
# Visual Studio 15
VisualStudioVersion = 15.0.28307.1062
MinimumVisualStudioVersion = 10.0.40219.1
Project("{9A19103F-16F7-4668-BE54-9A1E7A4F7556}") = "Task 1", "epam_task_2.0\Task 1.csproj", "{9AA426DE-F097-4726-83A0-E698ACCE1051}"
EndProject
Project("{2150E333-8FDC-42A3-9474-1A3956D46DE8}") = "Task 1.0", "Task 1.0", "{E285199F-7D26-4EA1-AF6A-0E5B05E8384B}"
EndProject
Project("{FAE04EC0-301F-11D3-BF4B-00C04F79EFBC}") = "Task1_Tests", "Task1_Tests\Task1_Tests.csproj", "{EEB2F170-600B-4C2C-98C7-9FE441F88739}"
EndProject
Project("{2150E333-8FDC-42A3-9474-1A3956D46DE8}") = "Task 2.0", "Task 2.0", "{49C46C48-D028-4086-BE86-C59376046BCF}"
EndProject
Project("{9A19103F-16F7-4668-BE54-9A1E7A4F7556}") = "Task 2", "Task 2\Task 2.csproj", "{25D7F283-D210-41C3-A90B-082F050CD55F}"
EndProject
Project("{FAE04EC0-301F-11D3-BF4B-00C04F79EFBC}") = "Task2_Test", "Task2_Test\Task2_Test.csproj", "{D5BA4FF2-DB8D-464A-98DF-B5ECBBCF8AFB}"
EndProject
Project("{2150E333-8FDC-42A3-9474-1A3956D46DE8}") = "Task 3.0", "Task 3.0", "{BBC6203F-3731-4FBE-929B-62F65E5DBBF4}"
EndProject
Project("{9A19103F-16F7-4668-BE54-9A1E7A4F7556}") = "Task 3", "Task 3\Task 3.csproj", "{17F75D9C-F65C-4907-888F-CCD471BF3138}"
EndProject
Project("{FAE04EC0-301F-11D3-BF4B-00C04F79EFBC}") = "Task3_Test", "Task3_Test\Task3_Test.csproj", "{C2B2D485-3ECA-4787-ADCE-F27A8D18EADF}"
EndProject
Global
	GlobalSection(SolutionConfigurationPlatforms) = preSolution
		Debug|Any CPU = Debug|Any CPU
		Release|Any CPU = Release|Any CPU
	EndGlobalSection
	GlobalSection(ProjectConfigurationPlatforms) = postSolution
		{9AA426DE-F097-4726-83A0-E698ACCE1051}.Debug|Any CPU.ActiveCfg = Debug|Any CPU
		{9AA426DE-F097-4726-83A0-E698ACCE1051}.Debug|Any CPU.Build.0 = Debug|Any CPU
		{9AA426DE-F097-4726-83A0-E698ACCE1051}.Release|Any CPU.ActiveCfg = Release|Any CPU
		{9AA426DE-F097-4726-83A0-E698ACCE1051}.Release|Any CPU.Build.0 = Release|Any CPU
		{EEB2F170-600B-4C2C-98C7-9FE441F88739}.Debug|Any CPU.ActiveCfg = Debug|Any CPU
		{EEB2F170-600B-4C2C-98C7-9FE441F88739}.Debug|Any CPU.Build.0 = Debug|Any CPU
		{EEB2F170-600B-4C2C-98C7-9FE441F88739}.Release|Any CPU.ActiveCfg = Release|Any CPU
		{EEB2F170-600B-4C2C-98C7-9FE441F88739}.Release|Any CPU.Build.0 = Release|Any CPU
		{25D7F283-D210-41C3-A90B-082F050CD55F}.Debug|Any CPU.ActiveCfg = Debug|Any CPU
		{25D7F283-D210-41C3-A90B-082F050CD55F}.Debug|Any CPU.Build.0 = Debug|Any CPU
		{25D7F283-D210-41C3-A90B-082F050CD55F}.Release|Any CPU.ActiveCfg = Release|Any CPU
		{25D7F283-D210-41C3-A90B-082F050CD55F}.Release|Any CPU.Build.0 = Release|Any CPU
		{D5BA4FF2-DB8D-464A-98DF-B5ECBBCF8AFB}.Debug|Any CPU.ActiveCfg = Debug|Any CPU
		{D5BA4FF2-DB8D-464A-98DF-B5ECBBCF8AFB}.Debug|Any CPU.Build.0 = Debug|Any CPU
		{D5BA4FF2-DB8D-464A-98DF-B5ECBBCF8AFB}.Release|Any CPU.ActiveCfg = Release|Any CPU
		{D5BA4FF2-DB8D-464A-98DF-B5ECBBCF8AFB}.Release|Any CPU.Build.0 = Release|Any CPU
		{17F75D9C-F65C-4907-888F-CCD471BF3138}.Debug|Any CPU.ActiveCfg = Debug|Any CPU
		{17F75D9C-F65C-4907-888F-CCD471BF3138}.Debug|Any CPU.Build.0 = Debug|Any CPU
		{17F75D9C-F65C-4907-888F-CCD471BF3138}.Release|Any CPU.ActiveCfg = Release|Any CPU
		{17F75D9C-F65C-4907-888F-CCD471BF3138}.Release|Any CPU.Build.0 = Release|Any CPU
		{C2B2D485-3ECA-4787-ADCE-F27A8D18EADF}.Debug|Any CPU.ActiveCfg = Debug|Any CPU
		{C2B2D485-3ECA-4787-ADCE-F27A8D18EADF}.Debug|Any CPU.Build.0 = Debug|Any CPU
		{C2B2D485-3ECA-4787-ADCE-F27A8D18EADF}.Release|Any CPU.ActiveCfg = Release|Any CPU
		{C2B2D485-3ECA-4787-ADCE-F27A8D18EADF}.Release|Any CPU.Build.0 = Release|Any CPU
	EndGlobalSection
	GlobalSection(SolutionProperties) = preSolution
		HideSolutionNode = FALSE
	EndGlobalSection
	GlobalSection(NestedProjects) = preSolution
		{9AA426DE-F097-4726-83A0-E698ACCE1051} = {E285199F-7D26-4EA1-AF6A-0E5B05E8384B}
		{EEB2F170-600B-4C2C-98C7-9FE441F88739} = {E285199F-7D26-4EA1-AF6A-0E5B05E8384B}
		{25D7F283-D210-41C3-A90B-082F050CD55F} = {49C46C48-D028-4086-BE86-C59376046BCF}
		{D5BA4FF2-DB8D-464A-98DF-B5ECBBCF8AFB} = {49C46C48-D028-4086-BE86-C59376046BCF}
		{17F75D9C-F65C-4907-888F-CCD471BF3138} = {BBC6203F-3731-4FBE-929B-62F65E5DBBF4}
		{C2B2D485-3ECA-4787-ADCE-F27A8D18EADF} = {BBC6203F-3731-4FBE-929B-62F65E5DBBF4}
	EndGlobalSection
	GlobalSection(ExtensibilityGlobals) = postSolution
		SolutionGuid = {E6A6C21D-F920-4FDE-9A11-556AFE925DEA}
	EndGlobalSection
EndGlobal
