
Microsoft Visual Studio Solution File, Format Version 12.00
# Visual Studio 15
VisualStudioVersion = 15.0.28307.1062
MinimumVisualStudioVersion = 10.0.40219.1
Project("{FAE04EC0-301F-11D3-BF4B-00C04F79EFBC}") = "Task 1", "epam_task_2.0\Task 1.csproj", "{9AA426DE-F097-4726-83A0-E698ACCE1051}"
EndProject
Global
	GlobalSection(SolutionConfigurationPlatforms) = preSolution
		Debug|Any CPU = Debug|Any CPU
		Release|Any CPU = Release|Any CPU
	EndGlobalSection
	GlobalSection(ProjectConfigurationPlatforms) = postSolution
		{9AA426DE-F097-4726-83A0-E698ACCE1051}.Debug|Any CPU.ActiveCfg = Debug|Any CPU
		{9AA426DE-F097-4726-83A0-E698ACCE1051}.Debug|Any CPU.Build.0 = Debug|Any CPU
		{9AA426DE-F097-4726-83A0-E698ACCE1051}.Release|Any CPU.ActiveCfg = Release|Any CPU
		{9AA426DE-F097-4726-83A0-E698ACCE1051}.Release|Any CPU.Build.0 = Release|Any CPU
	EndGlobalSection
	GlobalSection(SolutionProperties) = preSolution
		HideSolutionNode = FALSE
	EndGlobalSection
	GlobalSection(ExtensibilityGlobals) = postSolution
		SolutionGuid = {E6A6C21D-F920-4FDE-9A11-556AFE925DEA}
	EndGlobalSection
EndGlobal
